
Microsoft Visual Studio Solution File, Format Version 12.00
# Visual Studio 2012
Project("{FAE04EC0-301F-11D3-BF4B-00C04F79EFBC}") = "MvcChallengeHP", "MvcApplication1\MvcChallengeHP.csproj", "{925DCFA0-FE62-47E4-AD56-6E0501A0F14B}"
EndProject
Global
	GlobalSection(SolutionConfigurationPlatforms) = preSolution
		Debug|Any CPU = Debug|Any CPU
		Release|Any CPU = Release|Any CPU
	EndGlobalSection
	GlobalSection(ProjectConfigurationPlatforms) = postSolution
		{925DCFA0-FE62-47E4-AD56-6E0501A0F14B}.Debug|Any CPU.ActiveCfg = Debug|Any CPU
		{925DCFA0-FE62-47E4-AD56-6E0501A0F14B}.Debug|Any CPU.Build.0 = Debug|Any CPU
		{925DCFA0-FE62-47E4-AD56-6E0501A0F14B}.Release|Any CPU.ActiveCfg = Release|Any CPU
		{925DCFA0-FE62-47E4-AD56-6E0501A0F14B}.Release|Any CPU.Build.0 = Release|Any CPU
	EndGlobalSection
	GlobalSection(SolutionProperties) = preSolution
		HideSolutionNode = FALSE
	EndGlobalSection
EndGlobal
